
Microsoft Visual Studio Solution File, Format Version 12.00
Project("{FAE04EC0-301F-11D3-BF4B-00C04F79EFBC}") = "Photoshop.Visualization", "Photoshop.Visualization\Photoshop.Visualization.csproj", "{2A6A0ADA-E2F9-436B-8867-88A0E18ED279}"
EndProject
Project("{FAE04EC0-301F-11D3-BF4B-00C04F79EFBC}") = "Photoshop.Core", "Photoshop.Core\Photoshop.Core.csproj", "{27C8D81F-07F2-4686-B059-08A67475D75A}"
EndProject
Global
	GlobalSection(SolutionConfigurationPlatforms) = preSolution
		Debug|Any CPU = Debug|Any CPU
		Release|Any CPU = Release|Any CPU
	EndGlobalSection
	GlobalSection(ProjectConfigurationPlatforms) = postSolution
		{2A6A0ADA-E2F9-436B-8867-88A0E18ED279}.Debug|Any CPU.ActiveCfg = Debug|Any CPU
		{2A6A0ADA-E2F9-436B-8867-88A0E18ED279}.Debug|Any CPU.Build.0 = Debug|Any CPU
		{2A6A0ADA-E2F9-436B-8867-88A0E18ED279}.Release|Any CPU.ActiveCfg = Release|Any CPU
		{2A6A0ADA-E2F9-436B-8867-88A0E18ED279}.Release|Any CPU.Build.0 = Release|Any CPU
		{27C8D81F-07F2-4686-B059-08A67475D75A}.Debug|Any CPU.ActiveCfg = Debug|Any CPU
		{27C8D81F-07F2-4686-B059-08A67475D75A}.Debug|Any CPU.Build.0 = Debug|Any CPU
		{27C8D81F-07F2-4686-B059-08A67475D75A}.Release|Any CPU.ActiveCfg = Release|Any CPU
		{27C8D81F-07F2-4686-B059-08A67475D75A}.Release|Any CPU.Build.0 = Release|Any CPU
	EndGlobalSection
EndGlobal
